PODS:
  - KSGithubStatusAPI (0.2.0):
    - Reachability (~> 3.1.0)
  - Reachability (3.1.1)

DEPENDENCIES:
  - KSGithubStatusAPI (from `..`)

EXTERNAL SOURCES:
  KSGithubStatusAPI:
    :path: ..

SPEC CHECKSUMS:
  KSGithubStatusAPI: 1ddaf4f88bcd32051dcc5000f2e4133cb06492c7
  Reachability: 8e9635e3cb4f98e7f825e51147f677ecc694d0e7

COCOAPODS: 0.33.1
