// !$*UTF8*$!
{
	archiveVersion = 1;
	classes = {
	};
	objectVersion = 46;
	objects = {

/* Begin PBXBuildFile section */
		5530E191811041258A9213AD /* libPods.a in Frameworks */ = {isa = PBXBuildFile; fileRef = 23C96552387543B8858F9C82 /* libPods.a */; };
		C2B75031169628DF0083AC2B /* UIKit.framework in Frameworks */ = {isa = PBXBuildFile; fileRef = C2B75030169628DF0083AC2B /* UIKit.framework */; };
		C2B75033169628DF0083AC2B /* Foundation.framework in Frameworks */ = {isa = PBXBuildFile; fileRef = C2B75032169628DF0083AC2B /* Foundation.framework */; };
		C2B75035169628DF0083AC2B /* CoreGraphics.framework in Frameworks */ = {isa = PBXBuildFile; fileRef = C2B75034169628DF0083AC2B /* CoreGraphics.framework */; };
		C2B7503B169628DF0083AC2B /* InfoPlist.strings in Resources */ = {isa = PBXBuildFile; fileRef = C2B75039169628DF0083AC2B /* InfoPlist.strings */; };
		C2B7503D169628DF0083AC2B /* main.m in Sources */ = {isa = PBXBuildFile; fileRef = C2B7503C169628DF0083AC2B /* main.m */; };
		C2B75041169628DF0083AC2B /* KSAppDelegate.m in Sources */ = {isa = PBXBuildFile; fileRef = C2B75040169628DF0083AC2B /* KSAppDelegate.m */; };
		C2B75043169628DF0083AC2B /* Default.png in Resources */ = {isa = PBXBuildFile; fileRef = C2B75042169628DF0083AC2B /* Default.png */; };
		C2B75045169628DF0083AC2B /* Default@2x.png in Resources */ = {isa = PBXBuildFile; fileRef = C2B75044169628DF0083AC2B /* Default@2x.png */; };
		C2B75047169628DF0083AC2B /* Default-568h@2x.png in Resources */ = {isa = PBXBuildFile; fileRef = C2B75046169628DF0083AC2B /* Default-568h@2x.png */; };
		C2B7504A169628DF0083AC2B /* KSMasterViewController.m in Sources */ = {isa = PBXBuildFile; fileRef = C2B75049169628DF0083AC2B /* KSMasterViewController.m */; };
		C2B7504D169628DF0083AC2B /* KSDetailViewController.m in Sources */ = {isa = PBXBuildFile; fileRef = C2B7504C169628DF0083AC2B /* KSDetailViewController.m */; };
		C2B75050169628DF0083AC2B /* KSMasterViewController_iPhone.xib in Resources */ = {isa = PBXBuildFile; fileRef = C2B7504E169628DF0083AC2B /* KSMasterViewController_iPhone.xib */; };
		C2B75053169628DF0083AC2B /* KSMasterViewController_iPad.xib in Resources */ = {isa = PBXBuildFile; fileRef = C2B75051169628DF0083AC2B /* KSMasterViewController_iPad.xib */; };
		C2B75056169628DF0083AC2B /* KSDetailViewController_iPhone.xib in Resources */ = {isa = PBXBuildFile; fileRef = C2B75054169628DF0083AC2B /* KSDetailViewController_iPhone.xib */; };
		C2B75059169628DF0083AC2B /* KSDetailViewController_iPad.xib in Resources */ = {isa = PBXBuildFile; fileRef = C2B75057169628DF0083AC2B /* KSDetailViewController_iPad.xib */; };
		C2B75068169629530083AC2B /* KSGithubStatusAPI.m in Sources */ = {isa = PBXBuildFile; fileRef = C2B75067169629530083AC2B /* KSGithubStatusAPI.m */; };
/* End PBXBuildFile section */

/* Begin PBXFileReference section */
		23C96552387543B8858F9C82 /* libPods.a */ = {isa = PBXFileReference; explicitFileType = archive.ar; includeInIndex = 0; path = libPods.a; sourceTree = BUILT_PRODUCTS_DIR; };
		C2B7502C169628DF0083AC2B /* KSGithubStatusAPI iOS.app */ = {isa = PBXFileReference; explicitFileType = wrapper.application; includeInIndex = 0; path = "KSGithubStatusAPI iOS.app"; sourceTree = BUILT_PRODUCTS_DIR; };
		C2B75030169628DF0083AC2B /* UIKit.framework */ = {isa = PBXFileReference; lastKnownFileType = wrapper.framework; name = UIKit.framework; path = System/Library/Frameworks/UIKit.framework; sourceTree = SDKROOT; };
		C2B75032169628DF0083AC2B /* Foundation.framework */ = {isa = PBXFileReference; lastKnownFileType = wrapper.framework; name = Foundation.framework; path = System/Library/Frameworks/Foundation.framework; sourceTree = SDKROOT; };
		C2B75034169628DF0083AC2B /* CoreGraphics.framework */ = {isa = PBXFileReference; lastKnownFileType = wrapper.framework; name = CoreGraphics.framework; path = System/Library/Frameworks/CoreGraphics.framework; sourceTree = SDKROOT; };
		C2B75038169628DF0083AC2B /* KSGithubStatusAPI iOS-Info.plist */ = {isa = PBXFileReference; lastKnownFileType = text.plist.xml; path = "KSGithubStatusAPI iOS-Info.plist"; sourceTree = "<group>"; };
		C2B7503A169628DF0083AC2B /* en */ = {isa = PBXFileReference; lastKnownFileType = text.plist.strings; name = en; path = en.lproj/InfoPlist.strings; sourceTree = "<group>"; };
		C2B7503C169628DF0083AC2B /* main.m */ = {isa = PBXFileReference; lastKnownFileType = sourcecode.c.objc; path = main.m; sourceTree = "<group>"; };
		C2B7503E169628DF0083AC2B /* KSGithubStatusAPI iOS-Prefix.pch */ = {isa = PBXFileReference; lastKnownFileType = sourcecode.c.h; path = "KSGithubStatusAPI iOS-Prefix.pch"; sourceTree = "<group>"; };
		C2B7503F169628DF0083AC2B /* KSAppDelegate.h */ = {isa = PBXFileReference; lastKnownFileType = sourcecode.c.h; path = KSAppDelegate.h; sourceTree = "<group>"; };
		C2B75040169628DF0083AC2B /* KSAppDelegate.m */ = {isa = PBXFileReference; lastKnownFileType = sourcecode.c.objc; path = KSAppDelegate.m; sourceTree = "<group>"; };
		C2B75042169628DF0083AC2B /* Default.png */ = {isa = PBXFileReference; lastKnownFileType = image.png; path = Default.png; sourceTree = "<group>"; };
		C2B75044169628DF0083AC2B /* Default@2x.png */ = {isa = PBXFileReference; lastKnownFileType = image.png; path = "Default@2x.png"; sourceTree = "<group>"; };
		C2B75046169628DF0083AC2B /* Default-568h@2x.png */ = {isa = PBXFileReference; lastKnownFileType = image.png; path = "Default-568h@2x.png"; sourceTree = "<group>"; };
		C2B75048169628DF0083AC2B /* KSMasterViewController.h */ = {isa = PBXFileReference; lastKnownFileType = sourcecode.c.h; path = KSMasterViewController.h; sourceTree = "<group>"; };
		C2B75049169628DF0083AC2B /* KSMasterViewController.m */ = {isa = PBXFileReference; lastKnownFileType = sourcecode.c.objc; path = KSMasterViewController.m; sourceTree = "<group>"; };
		C2B7504B169628DF0083AC2B /* KSDetailViewController.h */ = {isa = PBXFileReference; lastKnownFileType = sourcecode.c.h; path = KSDetailViewController.h; sourceTree = "<group>"; };
		C2B7504C169628DF0083AC2B /* KSDetailViewController.m */ = {isa = PBXFileReference; lastKnownFileType = sourcecode.c.objc; path = KSDetailViewController.m; sourceTree = "<group>"; };
		C2B7504F169628DF0083AC2B /* en */ = {isa = PBXFileReference; lastKnownFileType = file.xib; name = en; path = en.lproj/KSMasterViewController_iPhone.xib; sourceTree = "<group>"; };
		C2B75052169628DF0083AC2B /* en */ = {isa = PBXFileReference; lastKnownFileType = file.xib; name = en; path = en.lproj/KSMasterViewController_iPad.xib; sourceTree = "<group>"; };
		C2B75055169628DF0083AC2B /* en */ = {isa = PBXFileReference; lastKnownFileType = file.xib; name = en; path = en.lproj/KSDetailViewController_iPhone.xib; sourceTree = "<group>"; };
		C2B75058169628DF0083AC2B /* en */ = {isa = PBXFileReference; lastKnownFileType = file.xib; name = en; path = en.lproj/KSDetailViewController_iPad.xib; sourceTree = "<group>"; };
		C2B75066169629530083AC2B /* KSGithubStatusAPI.h */ = {isa = PBXFileReference; fileEncoding = 4; lastKnownFileType = sourcecode.c.h; name = KSGithubStatusAPI.h; path = ../../KSGithubStatusAPI.h; sourceTree = "<group>"; };
		C2B75067169629530083AC2B /* KSGithubStatusAPI.m */ = {isa = PBXFileReference; fileEncoding = 4; lastKnownFileType = sourcecode.c.objc; name = KSGithubStatusAPI.m; path = ../../KSGithubStatusAPI.m; sourceTree = "<group>"; };
		E870FE03CCD14939817900DF /* Pods.xcconfig */ = {isa = PBXFileReference; includeInIndex = 1; lastKnownFileType = text.xcconfig; name = Pods.xcconfig; path = Pods/Pods.xcconfig; sourceTree = SOURCE_ROOT; };
/* End PBXFileReference section */

/* Begin PBXFrameworksBuildPhase section */
		C2B75029169628DF0083AC2B /* Frameworks */ = {
			isa = PBXFrameworksBuildPhase;
			buildActionMask = 2147483647;
			files = (
				C2B75031169628DF0083AC2B /* UIKit.framework in Frameworks */,
				C2B75033169628DF0083AC2B /* Foundation.framework in Frameworks */,
				C2B75035169628DF0083AC2B /* CoreGraphics.framework in Frameworks */,
				5530E191811041258A9213AD /* libPods.a in Frameworks */,
			);
			runOnlyForDeploymentPostprocessing = 0;
		};
/* End PBXFrameworksBuildPhase section */

/* Begin PBXGroup section */
		C2B75021169628DF0083AC2B = {
			isa = PBXGroup;
			children = (
				C2B75036169628DF0083AC2B /* KSGithubStatusAPI iOS */,
				C2B7502F169628DF0083AC2B /* Frameworks */,
				C2B7502D169628DF0083AC2B /* Products */,
				E870FE03CCD14939817900DF /* Pods.xcconfig */,
			);
			sourceTree = "<group>";
		};
		C2B7502D169628DF0083AC2B /* Products */ = {
			isa = PBXGroup;
			children = (
				C2B7502C169628DF0083AC2B /* KSGithubStatusAPI iOS.app */,
			);
			name = Products;
			sourceTree = "<group>";
		};
		C2B7502F169628DF0083AC2B /* Frameworks */ = {
			isa = PBXGroup;
			children = (
				C2B75030169628DF0083AC2B /* UIKit.framework */,
				C2B75032169628DF0083AC2B /* Foundation.framework */,
				C2B75034169628DF0083AC2B /* CoreGraphics.framework */,
				23C96552387543B8858F9C82 /* libPods.a */,
			);
			name = Frameworks;
			sourceTree = "<group>";
		};
		C2B75036169628DF0083AC2B /* KSGithubStatusAPI iOS */ = {
			isa = PBXGroup;
			children = (
				C2B7503F169628DF0083AC2B /* KSAppDelegate.h */,
				C2B75040169628DF0083AC2B /* KSAppDelegate.m */,
				C2B75048169628DF0083AC2B /* KSMasterViewController.h */,
				C2B75049169628DF0083AC2B /* KSMasterViewController.m */,
				C2B7504B169628DF0083AC2B /* KSDetailViewController.h */,
				C2B7504C169628DF0083AC2B /* KSDetailViewController.m */,
				C2B7504E169628DF0083AC2B /* KSMasterViewController_iPhone.xib */,
				C2B75051169628DF0083AC2B /* KSMasterViewController_iPad.xib */,
				C2B75054169628DF0083AC2B /* KSDetailViewController_iPhone.xib */,
				C2B75057169628DF0083AC2B /* KSDetailViewController_iPad.xib */,
				C2B7506A169629580083AC2B /* KSGithubStatusAPI */,
				C2B75037169628DF0083AC2B /* Supporting Files */,
			);
			path = "KSGithubStatusAPI iOS";
			sourceTree = "<group>";
		};
		C2B75037169628DF0083AC2B /* Supporting Files */ = {
			isa = PBXGroup;
			children = (
				C2B75038169628DF0083AC2B /* KSGithubStatusAPI iOS-Info.plist */,
				C2B75039169628DF0083AC2B /* InfoPlist.strings */,
				C2B7503C169628DF0083AC2B /* main.m */,
				C2B7503E169628DF0083AC2B /* KSGithubStatusAPI iOS-Prefix.pch */,
				C2B75042169628DF0083AC2B /* Default.png */,
				C2B75044169628DF0083AC2B /* Default@2x.png */,
				C2B75046169628DF0083AC2B /* Default-568h@2x.png */,
			);
			name = "Supporting Files";
			sourceTree = "<group>";
		};
		C2B7506A169629580083AC2B /* KSGithubStatusAPI */ = {
			isa = PBXGroup;
			children = (
				C2B75066169629530083AC2B /* KSGithubStatusAPI.h */,
				C2B75067169629530083AC2B /* KSGithubStatusAPI.m */,
			);
			name = KSGithubStatusAPI;
			path = ..;
			sourceTree = "<group>";
		};
/* End PBXGroup section */

/* Begin PBXNativeTarget section */
		C2B7502B169628DF0083AC2B /* KSGithubStatusAPI iOS */ = {
			isa = PBXNativeTarget;
			buildConfigurationList = C2B7505C169628DF0083AC2B /* Build configuration list for PBXNativeTarget "KSGithubStatusAPI iOS" */;
			buildPhases = (
				C2B75028169628DF0083AC2B /* Sources */,
				C2B75029169628DF0083AC2B /* Frameworks */,
				C2B7502A169628DF0083AC2B /* Resources */,
				1513B2A993E14EC587812B69 /* Copy Pods Resources */,
			);
			buildRules = (
			);
			dependencies = (
			);
			name = "KSGithubStatusAPI iOS";
			productName = "KSGithubStatusAPI iOS";
			productReference = C2B7502C169628DF0083AC2B /* KSGithubStatusAPI iOS.app */;
			productType = "com.apple.product-type.application";
		};
/* End PBXNativeTarget section */

/* Begin PBXProject section */
		C2B75023169628DF0083AC2B /* Project object */ = {
			isa = PBXProject;
			attributes = {
				CLASSPREFIX = KS;
				LastUpgradeCheck = 0450;
				ORGANIZATIONNAME = "Keith Smiley";
			};
			buildConfigurationList = C2B75026169628DF0083AC2B /* Build configuration list for PBXProject "KSGithubStatusAPI iOS" */;
			compatibilityVersion = "Xcode 3.2";
			developmentRegion = English;
			hasScannedForEncodings = 0;
			knownRegions = (
				en,
			);
			mainGroup = C2B75021169628DF0083AC2B;
			productRefGroup = C2B7502D169628DF0083AC2B /* Products */;
			projectDirPath = "";
			projectRoot = "";
			targets = (
				C2B7502B169628DF0083AC2B /* KSGithubStatusAPI iOS */,
			);
		};
/* End PBXProject section */

/* Begin PBXResourcesBuildPhase section */
		C2B7502A169628DF0083AC2B /* Resources */ = {
			isa = PBXResourcesBuildPhase;
			buildActionMask = 2147483647;
			files = (
				C2B7503B169628DF0083AC2B /* InfoPlist.strings in Resources */,
				C2B75043169628DF0083AC2B /* Default.png in Resources */,
				C2B75045169628DF0083AC2B /* Default@2x.png in Resources */,
				C2B75047169628DF0083AC2B /* Default-568h@2x.png in Resources */,
				C2B75050169628DF0083AC2B /* KSMasterViewController_iPhone.xib in Resources */,
				C2B75053169628DF0083AC2B /* KSMasterViewController_iPad.xib in Resources */,
				C2B75056169628DF0083AC2B /* KSDetailViewController_iPhone.xib in Resources */,
				C2B75059169628DF0083AC2B /* KSDetailViewController_iPad.xib in Resources */,
			);
			runOnlyForDeploymentPostprocessing = 0;
		};
/* End PBXResourcesBuildPhase section */

/* Begin PBXShellScriptBuildPhase section */
		1513B2A993E14EC587812B69 /* Copy Pods Resources */ = {
			isa = PBXShellScriptBuildPhase;
			buildActionMask = 2147483647;
			files = (
			);
			inputPaths = (
			);
			name = "Copy Pods Resources";
			outputPaths = (
			);
			runOnlyForDeploymentPostprocessing = 0;
			shellPath = /bin/sh;
			shellScript = "\"${SRCROOT}/Pods/Pods-resources.sh\"\n";
		};
/* End PBXShellScriptBuildPhase section */

/* Begin PBXSourcesBuildPhase section */
		C2B75028169628DF0083AC2B /* Sources */ = {
			isa = PBXSourcesBuildPhase;
			buildActionMask = 2147483647;
			files = (
				C2B7503D169628DF0083AC2B /* main.m in Sources */,
				C2B75041169628DF0083AC2B /* KSAppDelegate.m in Sources */,
				C2B7504A169628DF0083AC2B /* KSMasterViewController.m in Sources */,
				C2B7504D169628DF0083AC2B /* KSDetailViewController.m in Sources */,
				C2B75068169629530083AC2B /* KSGithubStatusAPI.m in Sources */,
			);
			runOnlyForDeploymentPostprocessing = 0;
		};
/* End PBXSourcesBuildPhase section */

/* Begin PBXVariantGroup section */
		C2B75039169628DF0083AC2B /* InfoPlist.strings */ = {
			isa = PBXVariantGroup;
			children = (
				C2B7503A169628DF0083AC2B /* en */,
			);
			name = InfoPlist.strings;
			sourceTree = "<group>";
		};
		C2B7504E169628DF0083AC2B /* KSMasterViewController_iPhone.xib */ = {
			isa = PBXVariantGroup;
			children = (
				C2B7504F169628DF0083AC2B /* en */,
			);
			name = KSMasterViewController_iPhone.xib;
			sourceTree = "<group>";
		};
		C2B75051169628DF0083AC2B /* KSMasterViewController_iPad.xib */ = {
			isa = PBXVariantGroup;
			children = (
				C2B75052169628DF0083AC2B /* en */,
			);
			name = KSMasterViewController_iPad.xib;
			sourceTree = "<group>";
		};
		C2B75054169628DF0083AC2B /* KSDetailViewController_iPhone.xib */ = {
			isa = PBXVariantGroup;
			children = (
				C2B75055169628DF0083AC2B /* en */,
			);
			name = KSDetailViewController_iPhone.xib;
			sourceTree = "<group>";
		};
		C2B75057169628DF0083AC2B /* KSDetailViewController_iPad.xib */ = {
			isa = PBXVariantGroup;
			children = (
				C2B75058169628DF0083AC2B /* en */,
			);
			name = KSDetailViewController_iPad.xib;
			sourceTree = "<group>";
		};
/* End PBXVariantGroup section */

/* Begin XCBuildConfiguration section */
		C2B7505A169628DF0083AC2B /* Debug */ = {
			isa = XCBuildConfiguration;
			buildSettings = {
				ALWAYS_SEARCH_USER_PATHS = NO;
				CLANG_CXX_LANGUAGE_STANDARD = "gnu++0x";
				CLANG_CXX_LIBRARY = "libc++";
				CLANG_ENABLE_OBJC_ARC = YES;
				CLANG_WARN_EMPTY_BODY = YES;
				CLANG_WARN__DUPLICATE_METHOD_MATCH = YES;
				"CODE_SIGN_IDENTITY[sdk=iphoneos*]" = "iPhone Developer";
				COPY_PHASE_STRIP = NO;
				GCC_C_LANGUAGE_STANDARD = gnu99;
				GCC_DYNAMIC_NO_PIC = NO;
				GCC_OPTIMIZATION_LEVEL = 0;
				GCC_PREPROCESSOR_DEFINITIONS = (
					"DEBUG=1",
					"$(inherited)",
				);
				GCC_SYMBOLS_PRIVATE_EXTERN = NO;
				GCC_WARN_ABOUT_RETURN_TYPE = YES;
				GCC_WARN_UNINITIALIZED_AUTOS = YES;
				GCC_WARN_UNUSED_VARIABLE = YES;
				IPHONEOS_DEPLOYMENT_TARGET = 6.0;
				ONLY_ACTIVE_ARCH = YES;
				SDKROOT = iphoneos;
				TARGETED_DEVICE_FAMILY = "1,2";
			};
			name = Debug;
		};
		C2B7505B169628DF0083AC2B /* Release */ = {
			isa = XCBuildConfiguration;
			buildSettings = {
				ALWAYS_SEARCH_USER_PATHS = NO;
				CLANG_CXX_LANGUAGE_STANDARD = "gnu++0x";
				CLANG_CXX_LIBRARY = "libc++";
				CLANG_ENABLE_OBJC_ARC = YES;
				CLANG_WARN_EMPTY_BODY = YES;
				CLANG_WARN__DUPLICATE_METHOD_MATCH = YES;
				"CODE_SIGN_IDENTITY[sdk=iphoneos*]" = "iPhone Developer";
				COPY_PHASE_STRIP = YES;
				GCC_C_LANGUAGE_STANDARD = gnu99;
				GCC_WARN_ABOUT_RETURN_TYPE = YES;
				GCC_WARN_UNINITIALIZED_AUTOS = YES;
				GCC_WARN_UNUSED_VARIABLE = YES;
				IPHONEOS_DEPLOYMENT_TARGET = 6.0;
				OTHER_CFLAGS = "-DNS_BLOCK_ASSERTIONS=1";
				SDKROOT = iphoneos;
				TARGETED_DEVICE_FAMILY = "1,2";
				VALIDATE_PRODUCT = YES;
			};
			name = Release;
		};
		C2B7505D169628DF0083AC2B /* Debug */ = {
			isa = XCBuildConfiguration;
			baseConfigurationReference = E870FE03CCD14939817900DF /* Pods.xcconfig */;
			buildSettings = {
				GCC_PRECOMPILE_PREFIX_HEADER = YES;
				GCC_PREFIX_HEADER = "KSGithubStatusAPI iOS/KSGithubStatusAPI iOS-Prefix.pch";
				INFOPLIST_FILE = "KSGithubStatusAPI iOS/KSGithubStatusAPI iOS-Info.plist";
				PRODUCT_NAME = "$(TARGET_NAME)";
				WRAPPER_EXTENSION = app;
			};
			name = Debug;
		};
		C2B7505E169628DF0083AC2B /* Release */ = {
			isa = XCBuildConfiguration;
			baseConfigurationReference = E870FE03CCD14939817900DF /* Pods.xcconfig */;
			buildSettings = {
				GCC_PRECOMPILE_PREFIX_HEADER = YES;
				GCC_PREFIX_HEADER = "KSGithubStatusAPI iOS/KSGithubStatusAPI iOS-Prefix.pch";
				INFOPLIST_FILE = "KSGithubStatusAPI iOS/KSGithubStatusAPI iOS-Info.plist";
				PRODUCT_NAME = "$(TARGET_NAME)";
				WRAPPER_EXTENSION = app;
			};
			name = Release;
		};
/* End XCBuildConfiguration section */

/* Begin XCConfigurationList section */
		C2B75026169628DF0083AC2B /* Build configuration list for PBXProject "KSGithubStatusAPI iOS" */ = {
			isa = XCConfigurationList;
			buildConfigurations = (
				C2B7505A169628DF0083AC2B /* Debug */,
				C2B7505B169628DF0083AC2B /* Release */,
			);
			defaultConfigurationIsVisible = 0;
			defaultConfigurationName = Release;
		};
		C2B7505C169628DF0083AC2B /* Build configuration list for PBXNativeTarget "KSGithubStatusAPI iOS" */ = {
			isa = XCConfigurationList;
			buildConfigurations = (
				C2B7505D169628DF0083AC2B /* Debug */,
				C2B7505E169628DF0083AC2B /* Release */,
			);
			defaultConfigurationIsVisible = 0;
			defaultConfigurationName = Release;
		};
/* End XCConfigurationList section */
	};
	rootObject = C2B75023169628DF0083AC2B /* Project object */;
}
