// !$*UTF8*$!
{
	archiveVersion = 1;
	classes = {
	};
	objectVersion = 46;
	objects = {

/* Begin PBXBuildFile section */
		99177D9618A64A3BB67FBB69 /* libPods.a in Frameworks */ = {isa = PBXBuildFile; fileRef = F8785E4A3EFC4399AEDA205B /* libPods.a */; };
		C21B835B19799F8F00A43354 /* Cocoa.framework in Frameworks */ = {isa = PBXBuildFile; fileRef = C21B835A19799F8E00A43354 /* Cocoa.framework */; };
		C21B836519799F8F00A43354 /* InfoPlist.strings in Resources */ = {isa = PBXBuildFile; fileRef = C21B836319799F8F00A43354 /* InfoPlist.strings */; };
		C21B836719799F8F00A43354 /* main.m in Sources */ = {isa = PBXBuildFile; fileRef = C21B836619799F8F00A43354 /* main.m */; };
		C21B836B19799F8F00A43354 /* Credits.rtf in Resources */ = {isa = PBXBuildFile; fileRef = C21B836919799F8F00A43354 /* Credits.rtf */; };
		C21B836E19799F8F00A43354 /* AppDelegate.m in Sources */ = {isa = PBXBuildFile; fileRef = C21B836D19799F8F00A43354 /* AppDelegate.m */; };
		C21B837119799F8F00A43354 /* MainMenu.xib in Resources */ = {isa = PBXBuildFile; fileRef = C21B836F19799F8F00A43354 /* MainMenu.xib */; };
		C21B837319799F8F00A43354 /* Images.xcassets in Resources */ = {isa = PBXBuildFile; fileRef = C21B837219799F8F00A43354 /* Images.xcassets */; };
/* End PBXBuildFile section */

/* Begin PBXFileReference section */
		35A25E6009EB4AA2B467B7D9 /* Pods.xcconfig */ = {isa = PBXFileReference; includeInIndex = 1; lastKnownFileType = text.xcconfig; name = Pods.xcconfig; path = Pods/Pods.xcconfig; sourceTree = "<group>"; };
		C21B835719799F8E00A43354 /* Example.app */ = {isa = PBXFileReference; explicitFileType = wrapper.application; includeInIndex = 0; path = Example.app; sourceTree = BUILT_PRODUCTS_DIR; };
		C21B835A19799F8E00A43354 /* Cocoa.framework */ = {isa = PBXFileReference; lastKnownFileType = wrapper.framework; name = Cocoa.framework; path = System/Library/Frameworks/Cocoa.framework; sourceTree = SDKROOT; };
		C21B835D19799F8F00A43354 /* AppKit.framework */ = {isa = PBXFileReference; lastKnownFileType = wrapper.framework; name = AppKit.framework; path = System/Library/Frameworks/AppKit.framework; sourceTree = SDKROOT; };
		C21B835E19799F8F00A43354 /* CoreData.framework */ = {isa = PBXFileReference; lastKnownFileType = wrapper.framework; name = CoreData.framework; path = System/Library/Frameworks/CoreData.framework; sourceTree = SDKROOT; };
		C21B835F19799F8F00A43354 /* Foundation.framework */ = {isa = PBXFileReference; lastKnownFileType = wrapper.framework; name = Foundation.framework; path = System/Library/Frameworks/Foundation.framework; sourceTree = SDKROOT; };
		C21B836219799F8F00A43354 /* Example-Info.plist */ = {isa = PBXFileReference; lastKnownFileType = text.plist.xml; path = "Example-Info.plist"; sourceTree = "<group>"; };
		C21B836419799F8F00A43354 /* en */ = {isa = PBXFileReference; lastKnownFileType = text.plist.strings; name = en; path = en.lproj/InfoPlist.strings; sourceTree = "<group>"; };
		C21B836619799F8F00A43354 /* main.m */ = {isa = PBXFileReference; lastKnownFileType = sourcecode.c.objc; path = main.m; sourceTree = "<group>"; };
		C21B836819799F8F00A43354 /* Example-Prefix.pch */ = {isa = PBXFileReference; lastKnownFileType = sourcecode.c.h; path = "Example-Prefix.pch"; sourceTree = "<group>"; };
		C21B836A19799F8F00A43354 /* en */ = {isa = PBXFileReference; lastKnownFileType = text.rtf; name = en; path = en.lproj/Credits.rtf; sourceTree = "<group>"; };
		C21B836C19799F8F00A43354 /* AppDelegate.h */ = {isa = PBXFileReference; lastKnownFileType = sourcecode.c.h; path = AppDelegate.h; sourceTree = "<group>"; };
		C21B836D19799F8F00A43354 /* AppDelegate.m */ = {isa = PBXFileReference; lastKnownFileType = sourcecode.c.objc; path = AppDelegate.m; sourceTree = "<group>"; };
		C21B837019799F8F00A43354 /* Base */ = {isa = PBXFileReference; lastKnownFileType = file.xib; name = Base; path = Base.lproj/MainMenu.xib; sourceTree = "<group>"; };
		C21B837219799F8F00A43354 /* Images.xcassets */ = {isa = PBXFileReference; lastKnownFileType = folder.assetcatalog; path = Images.xcassets; sourceTree = "<group>"; };
		F8785E4A3EFC4399AEDA205B /* libPods.a */ = {isa = PBXFileReference; explicitFileType = archive.ar; includeInIndex = 0; path = libPods.a; sourceTree = BUILT_PRODUCTS_DIR; };
/* End PBXFileReference section */

/* Begin PBXFrameworksBuildPhase section */
		C21B835419799F8E00A43354 /* Frameworks */ = {
			isa = PBXFrameworksBuildPhase;
			buildActionMask = 2147483647;
			files = (
				C21B835B19799F8F00A43354 /* Cocoa.framework in Frameworks */,
				99177D9618A64A3BB67FBB69 /* libPods.a in Frameworks */,
			);
			runOnlyForDeploymentPostprocessing = 0;
		};
/* End PBXFrameworksBuildPhase section */

/* Begin PBXGroup section */
		C21B834E19799F8E00A43354 = {
			isa = PBXGroup;
			children = (
				C21B836019799F8F00A43354 /* Example */,
				C21B835919799F8E00A43354 /* Frameworks */,
				C21B835819799F8E00A43354 /* Products */,
				35A25E6009EB4AA2B467B7D9 /* Pods.xcconfig */,
			);
			sourceTree = "<group>";
		};
		C21B835819799F8E00A43354 /* Products */ = {
			isa = PBXGroup;
			children = (
				C21B835719799F8E00A43354 /* Example.app */,
			);
			name = Products;
			sourceTree = "<group>";
		};
		C21B835919799F8E00A43354 /* Frameworks */ = {
			isa = PBXGroup;
			children = (
				C21B835A19799F8E00A43354 /* Cocoa.framework */,
				C21B835C19799F8F00A43354 /* Other Frameworks */,
				F8785E4A3EFC4399AEDA205B /* libPods.a */,
			);
			name = Frameworks;
			sourceTree = "<group>";
		};
		C21B835C19799F8F00A43354 /* Other Frameworks */ = {
			isa = PBXGroup;
			children = (
				C21B835D19799F8F00A43354 /* AppKit.framework */,
				C21B835E19799F8F00A43354 /* CoreData.framework */,
				C21B835F19799F8F00A43354 /* Foundation.framework */,
			);
			name = "Other Frameworks";
			sourceTree = "<group>";
		};
		C21B836019799F8F00A43354 /* Example */ = {
			isa = PBXGroup;
			children = (
				C21B836C19799F8F00A43354 /* AppDelegate.h */,
				C21B836D19799F8F00A43354 /* AppDelegate.m */,
				C21B836F19799F8F00A43354 /* MainMenu.xib */,
				C21B837219799F8F00A43354 /* Images.xcassets */,
				C21B836119799F8F00A43354 /* Supporting Files */,
			);
			path = Example;
			sourceTree = "<group>";
		};
		C21B836119799F8F00A43354 /* Supporting Files */ = {
			isa = PBXGroup;
			children = (
				C21B836219799F8F00A43354 /* Example-Info.plist */,
				C21B836319799F8F00A43354 /* InfoPlist.strings */,
				C21B836619799F8F00A43354 /* main.m */,
				C21B836819799F8F00A43354 /* Example-Prefix.pch */,
				C21B836919799F8F00A43354 /* Credits.rtf */,
			);
			name = "Supporting Files";
			sourceTree = "<group>";
		};
/* End PBXGroup section */

/* Begin PBXNativeTarget section */
		C21B835619799F8E00A43354 /* Example */ = {
			isa = PBXNativeTarget;
			buildConfigurationList = C21B838819799F8F00A43354 /* Build configuration list for PBXNativeTarget "Example" */;
			buildPhases = (
				60C1D579E2F6482DB8F53D6F /* Check Pods Manifest.lock */,
				C21B835319799F8E00A43354 /* Sources */,
				C21B835419799F8E00A43354 /* Frameworks */,
				C21B835519799F8E00A43354 /* Resources */,
				B58CBE0DE99C4CEF990D584B /* Copy Pods Resources */,
			);
			buildRules = (
			);
			dependencies = (
			);
			name = Example;
			productName = Example;
			productReference = C21B835719799F8E00A43354 /* Example.app */;
			productType = "com.apple.product-type.application";
		};
/* End PBXNativeTarget section */

/* Begin PBXProject section */
		C21B834F19799F8E00A43354 /* Project object */ = {
			isa = PBXProject;
			attributes = {
				LastUpgradeCheck = 0510;
			};
			buildConfigurationList = C21B835219799F8E00A43354 /* Build configuration list for PBXProject "Example" */;
			compatibilityVersion = "Xcode 3.2";
			developmentRegion = English;
			hasScannedForEncodings = 0;
			knownRegions = (
				en,
				Base,
			);
			mainGroup = C21B834E19799F8E00A43354;
			productRefGroup = C21B835819799F8E00A43354 /* Products */;
			projectDirPath = "";
			projectRoot = "";
			targets = (
				C21B835619799F8E00A43354 /* Example */,
			);
		};
/* End PBXProject section */

/* Begin PBXResourcesBuildPhase section */
		C21B835519799F8E00A43354 /* Resources */ = {
			isa = PBXResourcesBuildPhase;
			buildActionMask = 2147483647;
			files = (
				C21B836519799F8F00A43354 /* InfoPlist.strings in Resources */,
				C21B837319799F8F00A43354 /* Images.xcassets in Resources */,
				C21B836B19799F8F00A43354 /* Credits.rtf in Resources */,
				C21B837119799F8F00A43354 /* MainMenu.xib in Resources */,
			);
			runOnlyForDeploymentPostprocessing = 0;
		};
/* End PBXResourcesBuildPhase section */

/* Begin PBXShellScriptBuildPhase section */
		60C1D579E2F6482DB8F53D6F /* Check Pods Manifest.lock */ = {
			isa = PBXShellScriptBuildPhase;
			buildActionMask = 2147483647;
			files = (
			);
			inputPaths = (
			);
			name = "Check Pods Manifest.lock";
			outputPaths = (
			);
			runOnlyForDeploymentPostprocessing = 0;
			shellPath = /bin/sh;
			shellScript = "diff \"${PODS_ROOT}/../Podfile.lock\" \"${PODS_ROOT}/Manifest.lock\" > /dev/null\nif [[ $? != 0 ]] ; then\n    cat << EOM\nerror: The sandbox is not in sync with the Podfile.lock. Run 'pod install' or update your CocoaPods installation.\nEOM\n    exit 1\nfi\n";
			showEnvVarsInLog = 0;
		};
		B58CBE0DE99C4CEF990D584B /* Copy Pods Resources */ = {
			isa = PBXShellScriptBuildPhase;
			buildActionMask = 2147483647;
			files = (
			);
			inputPaths = (
			);
			name = "Copy Pods Resources";
			outputPaths = (
			);
			runOnlyForDeploymentPostprocessing = 0;
			shellPath = /bin/sh;
			shellScript = "\"${SRCROOT}/Pods/Pods-resources.sh\"\n";
			showEnvVarsInLog = 0;
		};
/* End PBXShellScriptBuildPhase section */

/* Begin PBXSourcesBuildPhase section */
		C21B835319799F8E00A43354 /* Sources */ = {
			isa = PBXSourcesBuildPhase;
			buildActionMask = 2147483647;
			files = (
				C21B836E19799F8F00A43354 /* AppDelegate.m in Sources */,
				C21B836719799F8F00A43354 /* main.m in Sources */,
			);
			runOnlyForDeploymentPostprocessing = 0;
		};
/* End PBXSourcesBuildPhase section */

/* Begin PBXVariantGroup section */
		C21B836319799F8F00A43354 /* InfoPlist.strings */ = {
			isa = PBXVariantGroup;
			children = (
				C21B836419799F8F00A43354 /* en */,
			);
			name = InfoPlist.strings;
			sourceTree = "<group>";
		};
		C21B836919799F8F00A43354 /* Credits.rtf */ = {
			isa = PBXVariantGroup;
			children = (
				C21B836A19799F8F00A43354 /* en */,
			);
			name = Credits.rtf;
			sourceTree = "<group>";
		};
		C21B836F19799F8F00A43354 /* MainMenu.xib */ = {
			isa = PBXVariantGroup;
			children = (
				C21B837019799F8F00A43354 /* Base */,
			);
			name = MainMenu.xib;
			sourceTree = "<group>";
		};
/* End PBXVariantGroup section */

/* Begin XCBuildConfiguration section */
		C21B838619799F8F00A43354 /* Debug */ = {
			isa = XCBuildConfiguration;
			buildSettings = {
				ALWAYS_SEARCH_USER_PATHS = NO;
				CLANG_CXX_LANGUAGE_STANDARD = "gnu++0x";
				CLANG_CXX_LIBRARY = "libc++";
				CLANG_ENABLE_MODULES = YES;
				CLANG_ENABLE_OBJC_ARC = YES;
				CLANG_WARN_BOOL_CONVERSION = YES;
				CLANG_WARN_CONSTANT_CONVERSION = YES;
				CLANG_WARN_DIRECT_OBJC_ISA_USAGE = YES_ERROR;
				CLANG_WARN_EMPTY_BODY = YES;
				CLANG_WARN_ENUM_CONVERSION = YES;
				CLANG_WARN_INT_CONVERSION = YES;
				CLANG_WARN_OBJC_ROOT_CLASS = YES_ERROR;
				CLANG_WARN__DUPLICATE_METHOD_MATCH = YES;
				COPY_PHASE_STRIP = NO;
				GCC_C_LANGUAGE_STANDARD = gnu99;
				GCC_DYNAMIC_NO_PIC = NO;
				GCC_ENABLE_OBJC_EXCEPTIONS = YES;
				GCC_OPTIMIZATION_LEVEL = 0;
				GCC_PREPROCESSOR_DEFINITIONS = (
					"DEBUG=1",
					"$(inherited)",
				);
				GCC_SYMBOLS_PRIVATE_EXTERN = NO;
				GCC_WARN_64_TO_32_BIT_CONVERSION = YES;
				GCC_WARN_ABOUT_RETURN_TYPE = YES_ERROR;
				GCC_WARN_UNDECLARED_SELECTOR = YES;
				GCC_WARN_UNINITIALIZED_AUTOS = YES_AGGRESSIVE;
				GCC_WARN_UNUSED_FUNCTION = YES;
				GCC_WARN_UNUSED_VARIABLE = YES;
				MACOSX_DEPLOYMENT_TARGET = 10.9;
				ONLY_ACTIVE_ARCH = YES;
				SDKROOT = macosx;
			};
			name = Debug;
		};
		C21B838719799F8F00A43354 /* Release */ = {
			isa = XCBuildConfiguration;
			buildSettings = {
				ALWAYS_SEARCH_USER_PATHS = NO;
				CLANG_CXX_LANGUAGE_STANDARD = "gnu++0x";
				CLANG_CXX_LIBRARY = "libc++";
				CLANG_ENABLE_MODULES = YES;
				CLANG_ENABLE_OBJC_ARC = YES;
				CLANG_WARN_BOOL_CONVERSION = YES;
				CLANG_WARN_CONSTANT_CONVERSION = YES;
				CLANG_WARN_DIRECT_OBJC_ISA_USAGE = YES_ERROR;
				CLANG_WARN_EMPTY_BODY = YES;
				CLANG_WARN_ENUM_CONVERSION = YES;
				CLANG_WARN_INT_CONVERSION = YES;
				CLANG_WARN_OBJC_ROOT_CLASS = YES_ERROR;
				CLANG_WARN__DUPLICATE_METHOD_MATCH = YES;
				COPY_PHASE_STRIP = YES;
				DEBUG_INFORMATION_FORMAT = "dwarf-with-dsym";
				ENABLE_NS_ASSERTIONS = NO;
				GCC_C_LANGUAGE_STANDARD = gnu99;
				GCC_ENABLE_OBJC_EXCEPTIONS = YES;
				GCC_WARN_64_TO_32_BIT_CONVERSION = YES;
				GCC_WARN_ABOUT_RETURN_TYPE = YES_ERROR;
				GCC_WARN_UNDECLARED_SELECTOR = YES;
				GCC_WARN_UNINITIALIZED_AUTOS = YES_AGGRESSIVE;
				GCC_WARN_UNUSED_FUNCTION = YES;
				GCC_WARN_UNUSED_VARIABLE = YES;
				MACOSX_DEPLOYMENT_TARGET = 10.9;
				SDKROOT = macosx;
			};
			name = Release;
		};
		C21B838919799F8F00A43354 /* Debug */ = {
			isa = XCBuildConfiguration;
			baseConfigurationReference = 35A25E6009EB4AA2B467B7D9 /* Pods.xcconfig */;
			buildSettings = {
				ASSETCATALOG_COMPILER_APPICON_NAME = AppIcon;
				COMBINE_HIDPI_IMAGES = YES;
				GCC_PRECOMPILE_PREFIX_HEADER = YES;
				GCC_PREFIX_HEADER = "Example/Example-Prefix.pch";
				INFOPLIST_FILE = "Example/Example-Info.plist";
				PRODUCT_NAME = "$(TARGET_NAME)";
				WRAPPER_EXTENSION = app;
			};
			name = Debug;
		};
		C21B838A19799F8F00A43354 /* Release */ = {
			isa = XCBuildConfiguration;
			baseConfigurationReference = 35A25E6009EB4AA2B467B7D9 /* Pods.xcconfig */;
			buildSettings = {
				ASSETCATALOG_COMPILER_APPICON_NAME = AppIcon;
				COMBINE_HIDPI_IMAGES = YES;
				GCC_PRECOMPILE_PREFIX_HEADER = YES;
				GCC_PREFIX_HEADER = "Example/Example-Prefix.pch";
				INFOPLIST_FILE = "Example/Example-Info.plist";
				PRODUCT_NAME = "$(TARGET_NAME)";
				WRAPPER_EXTENSION = app;
			};
			name = Release;
		};
/* End XCBuildConfiguration section */

/* Begin XCConfigurationList section */
		C21B835219799F8E00A43354 /* Build configuration list for PBXProject "Example" */ = {
			isa = XCConfigurationList;
			buildConfigurations = (
				C21B838619799F8F00A43354 /* Debug */,
				C21B838719799F8F00A43354 /* Release */,
			);
			defaultConfigurationIsVisible = 0;
			defaultConfigurationName = Release;
		};
		C21B838819799F8F00A43354 /* Build configuration list for PBXNativeTarget "Example" */ = {
			isa = XCConfigurationList;
			buildConfigurations = (
				C21B838919799F8F00A43354 /* Debug */,
				C21B838A19799F8F00A43354 /* Release */,
			);
			defaultConfigurationIsVisible = 0;
			defaultConfigurationName = Release;
		};
/* End XCConfigurationList section */
	};
	rootObject = C21B834F19799F8E00A43354 /* Project object */;
}
